// !$*UTF8*$!
{
	archiveVersion = 1;
	classes = {
	};
	objectVersion = 54;
	objects = {

/* Begin PBXBuildFile section */
		1C748C2D1C21952C0024EED2 /* Plugin.cpp in Sources */ = {isa = PBXBuildFile; fileRef = 1C748C2C1C21952C0024EED2 /* Plugin.cpp */; };
		4068898B2A229BF600028D22 /* PatcherPlus.cpp in Sources */ = {isa = PBXBuildFile; fileRef = 406889892A229BF600028D22 /* PatcherPlus.cpp */; };
		4068898C2A229BF600028D22 /* PatcherPlus.hpp in Headers */ = {isa = PBXBuildFile; fileRef = 4068898A2A229BF600028D22 /* PatcherPlus.hpp */; };
		409529512A7971CD00923793 /* Firmware.cpp in Sources */ = {isa = PBXBuildFile; fileRef = 4095294F2A7971CD00923793 /* Firmware.cpp */; };
		409529522A7971CD00923793 /* Firmware.hpp in Headers */ = {isa = PBXBuildFile; fileRef = 409529502A7971CD00923793 /* Firmware.hpp */; };
		40B6A67E2A75A2B9002D8B85 /* DYLDPatches.cpp in Sources */ = {isa = PBXBuildFile; fileRef = 40B6A67C2A75A2B9002D8B85 /* DYLDPatches.cpp */; };
		40B6A67F2A75A2B9002D8B85 /* DYLDPatches.hpp in Headers */ = {isa = PBXBuildFile; fileRef = 40B6A67D2A75A2B9002D8B85 /* DYLDPatches.hpp */; };
		CE405ED91E4A080700AA0B3D /* plugin_start.cpp in Sources */ = {isa = PBXBuildFile; fileRef = CE405ED81E4A080700AA0B3D /* plugin_start.cpp */; };
		CE8DA0832517C41A008C44E8 /* libkmod.a in Frameworks */ = {isa = PBXBuildFile; fileRef = CE8DA0822517C41A008C44E8 /* libkmod.a */; };
		D51187E82A6FB66800F23522 /* HWLibs.hpp in Headers */ = {isa = PBXBuildFile; fileRef = D51187E52A6FB66800F23522 /* HWLibs.hpp */; };
		D51187E92A6FB66800F23522 /* HWLibs.cpp in Sources */ = {isa = PBXBuildFile; fileRef = D51187E62A6FB66800F23522 /* HWLibs.cpp */; };
		D51187EA2A6FB66800F23522 /* Model.hpp in Headers */ = {isa = PBXBuildFile; fileRef = D51187E72A6FB66800F23522 /* Model.hpp */; };
		D51187ED2A6FB70700F23522 /* X6000FB.cpp in Sources */ = {isa = PBXBuildFile; fileRef = D51187EB2A6FB70700F23522 /* X6000FB.cpp */; };
		D51187EE2A6FB70700F23522 /* X6000FB.hpp in Headers */ = {isa = PBXBuildFile; fileRef = D51187EC2A6FB70700F23522 /* X6000FB.hpp */; };
		D51187F12A6FBA3B00F23522 /* X6000.cpp in Sources */ = {isa = PBXBuildFile; fileRef = D51187EF2A6FBA3B00F23522 /* X6000.cpp */; };
		D51187F22A6FBA3B00F23522 /* X6000.hpp in Headers */ = {isa = PBXBuildFile; fileRef = D51187F02A6FBA3B00F23522 /* X6000.hpp */; };
		D51217872A62008A00EC0BEB /* AMDCommon.hpp in Headers */ = {isa = PBXBuildFile; fileRef = D51217862A62008A00EC0BEB /* AMDCommon.hpp */; };
		D579D09E2A629F5300A4BCCE /* NootRX.cpp in Sources */ = {isa = PBXBuildFile; fileRef = D579D09C2A629F5300A4BCCE /* NootRX.cpp */; };
		D579D09F2A629F5300A4BCCE /* NootRX.hpp in Headers */ = {isa = PBXBuildFile; fileRef = D579D09D2A629F5300A4BCCE /* NootRX.hpp */; };
/* End PBXBuildFile section */

/* Begin PBXCopyFilesBuildPhase section */
		1C642F521C8F157A006B4C51 /* Copy Files */ = {
			isa = PBXCopyFilesBuildPhase;
			buildActionMask = 2147483647;
			dstPath = "";
			dstSubfolderSpec = 13;
			files = (
			);
			name = "Copy Files";
			runOnlyForDeploymentPostprocessing = 0;
		};
/* End PBXCopyFilesBuildPhase section */

/* Begin PBXFileReference section */
		1C748C271C21952C0024EED2 /* NootRX.kext */ = {isa = PBXFileReference; explicitFileType = wrapper.cfbundle; includeInIndex = 0; path = NootRX.kext; sourceTree = BUILT_PRODUCTS_DIR; };
		1C748C2C1C21952C0024EED2 /* Plugin.cpp */ = {isa = PBXFileReference; lastKnownFileType = sourcecode.cpp.cpp; path = Plugin.cpp; sourceTree = "<group>"; };
		1C748C2E1C21952C0024EED2 /* Info.plist */ = {isa = PBXFileReference; lastKnownFileType = text.plist.xml; path = Info.plist; sourceTree = "<group>"; };
		404624A32BD4FAFE00677022 /* gc_10_3_4_rlc_srlist_gpm_mem.bin */ = {isa = PBXFileReference; lastKnownFileType = archive.macbinary; path = gc_10_3_4_rlc_srlist_gpm_mem.bin; sourceTree = "<group>"; };
		404624A42BD4FAFE00677022 /* gc_10_3_se0_tap_delays.bin */ = {isa = PBXFileReference; lastKnownFileType = archive.macbinary; path = gc_10_3_se0_tap_delays.bin; sourceTree = "<group>"; };
		404624A52BD4FAFE00677022 /* gc_10_3_global_tap_delays.bin */ = {isa = PBXFileReference; lastKnownFileType = archive.macbinary; path = gc_10_3_global_tap_delays.bin; sourceTree = "<group>"; };
		404624A62BD4FAFE00677022 /* gc_10_3_rlc_srlist_srm_mem.bin */ = {isa = PBXFileReference; lastKnownFileType = archive.macbinary; path = gc_10_3_rlc_srlist_srm_mem.bin; sourceTree = "<group>"; };
		404624A72BD4FAFE00677022 /* gc_10_3_4_rlc_srlist_srm_mem.bin */ = {isa = PBXFileReference; lastKnownFileType = archive.macbinary; path = gc_10_3_4_rlc_srlist_srm_mem.bin; sourceTree = "<group>"; };
		404624A82BD4FAFE00677022 /* gc_10_3_rlc_lx6_dram_ucode.bin */ = {isa = PBXFileReference; lastKnownFileType = archive.macbinary; path = gc_10_3_rlc_lx6_dram_ucode.bin; sourceTree = "<group>"; };
		404624A92BD4FAFE00677022 /* gc_10_3_pfp_ucode.bin */ = {isa = PBXFileReference; lastKnownFileType = archive.macbinary; path = gc_10_3_pfp_ucode.bin; sourceTree = "<group>"; };
		404624AA2BD4FAFE00677022 /* gc_10_3_ce_ucode.bin */ = {isa = PBXFileReference; lastKnownFileType = archive.macbinary; path = gc_10_3_ce_ucode.bin; sourceTree = "<group>"; };
		404624AB2BD4FAFE00677022 /* gc_10_3_se1_tap_delays.bin */ = {isa = PBXFileReference; lastKnownFileType = archive.macbinary; path = gc_10_3_se1_tap_delays.bin; sourceTree = "<group>"; };
		404624AD2BD4FAFE00677022 /* gc_10_3_rlc_srlist_gpm_mem.bin */ = {isa = PBXFileReference; lastKnownFileType = archive.macbinary; path = gc_10_3_rlc_srlist_gpm_mem.bin; sourceTree = "<group>"; };
		404624AE2BD4FAFE00677022 /* gc_10_3_rlc_srlist_cntl.bin */ = {isa = PBXFileReference; lastKnownFileType = archive.macbinary; path = gc_10_3_rlc_srlist_cntl.bin; sourceTree = "<group>"; };
		404624AF2BD4FAFE00677022 /* gc_10_3_rlc_lx6_iram_ucode.bin */ = {isa = PBXFileReference; lastKnownFileType = archive.macbinary; path = gc_10_3_rlc_lx6_iram_ucode.bin; sourceTree = "<group>"; };
		404624B02BD4FAFE00677022 /* gc_10_3_se2_tap_delays.bin */ = {isa = PBXFileReference; lastKnownFileType = archive.macbinary; path = gc_10_3_se2_tap_delays.bin; sourceTree = "<group>"; };
		404624B12BD4FAFE00677022 /* gc_10_3_rlc_ucode.bin */ = {isa = PBXFileReference; lastKnownFileType = archive.macbinary; path = gc_10_3_rlc_ucode.bin; sourceTree = "<group>"; };
		404624B22BD4FAFE00677022 /* gc_10_3_2_rlc_srlist_cntl.bin */ = {isa = PBXFileReference; lastKnownFileType = archive.macbinary; path = gc_10_3_2_rlc_srlist_cntl.bin; sourceTree = "<group>"; };
		404624B32BD4FAFE00677022 /* gc_10_3_mec_ucode.bin */ = {isa = PBXFileReference; lastKnownFileType = archive.macbinary; path = gc_10_3_mec_ucode.bin; sourceTree = "<group>"; };
		404624B42BD4FAFE00677022 /* LICENSE */ = {isa = PBXFileReference; fileEncoding = 4; lastKnownFileType = text; path = LICENSE; sourceTree = "<group>"; };
		404624B52BD4FAFE00677022 /* gc_10_3_me_ucode.bin */ = {isa = PBXFileReference; lastKnownFileType = archive.macbinary; path = gc_10_3_me_ucode.bin; sourceTree = "<group>"; };
		404624B62BD4FAFE00677022 /* mes_10_3_mes0_data.bin */ = {isa = PBXFileReference; lastKnownFileType = archive.macbinary; path = mes_10_3_mes0_data.bin; sourceTree = "<group>"; };
		404624B72BD4FAFE00677022 /* gc_10_3_2_rlc_srlist_gpm_mem.bin */ = {isa = PBXFileReference; lastKnownFileType = archive.macbinary; path = gc_10_3_2_rlc_srlist_gpm_mem.bin; sourceTree = "<group>"; };
		404624B82BD4FAFE00677022 /* sdma_5_2_ucode.bin */ = {isa = PBXFileReference; lastKnownFileType = archive.macbinary; path = sdma_5_2_ucode.bin; sourceTree = "<group>"; };
		404624B92BD4FAFE00677022 /* gc_10_3_se3_tap_delays.bin */ = {isa = PBXFileReference; lastKnownFileType = archive.macbinary; path = gc_10_3_se3_tap_delays.bin; sourceTree = "<group>"; };
		404624BA2BD4FAFE00677022 /* gc_10_3_mec_jt_ucode.bin */ = {isa = PBXFileReference; lastKnownFileType = archive.macbinary; path = gc_10_3_mec_jt_ucode.bin; sourceTree = "<group>"; };
		404624BB2BD4FAFE00677022 /* gc_10_3_rlcp_ucode.bin */ = {isa = PBXFileReference; lastKnownFileType = archive.macbinary; path = gc_10_3_rlcp_ucode.bin; sourceTree = "<group>"; };
		404624BC2BD4FAFE00677022 /* mes_10_3_mes0_ucode.bin */ = {isa = PBXFileReference; lastKnownFileType = archive.macbinary; path = mes_10_3_mes0_ucode.bin; sourceTree = "<group>"; };
		404624BD2BD4FAFE00677022 /* gc_10_3_4_rlc_srlist_cntl.bin */ = {isa = PBXFileReference; lastKnownFileType = archive.macbinary; path = gc_10_3_4_rlc_srlist_cntl.bin; sourceTree = "<group>"; };
		404624BE2BD4FAFE00677022 /* gc_10_3_2_rlc_srlist_srm_mem.bin */ = {isa = PBXFileReference; lastKnownFileType = archive.macbinary; path = gc_10_3_2_rlc_srlist_srm_mem.bin; sourceTree = "<group>"; };
		406889892A229BF600028D22 /* PatcherPlus.cpp */ = {isa = PBXFileReference; lastKnownFileType = sourcecode.cpp.cpp; path = PatcherPlus.cpp; sourceTree = "<group>"; };
		4068898A2A229BF600028D22 /* PatcherPlus.hpp */ = {isa = PBXFileReference; lastKnownFileType = sourcecode.cpp.h; path = PatcherPlus.hpp; sourceTree = "<group>"; };
		407EC2702C6AE97B00A5BEA4 /* com.apple.kext.AMDRadeonX6000.xml */ = {isa = PBXFileReference; lastKnownFileType = text.xml; path = com.apple.kext.AMDRadeonX6000.xml; sourceTree = "<group>"; };
		407EC2712C6AE97B00A5BEA4 /* com.apple.kext.AMDRadeonX6000Framebuffer.xml */ = {isa = PBXFileReference; lastKnownFileType = text.xml; path = com.apple.kext.AMDRadeonX6000Framebuffer.xml; sourceTree = "<group>"; };
		407EC2722C6AE97B00A5BEA4 /* com.apple.kext.AMDRadeonX6000HWServices.xml */ = {isa = PBXFileReference; lastKnownFileType = text.xml; path = com.apple.kext.AMDRadeonX6000HWServices.xml; sourceTree = "<group>"; };
		4095294F2A7971CD00923793 /* Firmware.cpp */ = {isa = PBXFileReference; fileEncoding = 4; lastKnownFileType = sourcecode.cpp.cpp; path = Firmware.cpp; sourceTree = "<group>"; };
		409529502A7971CD00923793 /* Firmware.hpp */ = {isa = PBXFileReference; fileEncoding = 4; lastKnownFileType = sourcecode.cpp.h; path = Firmware.hpp; sourceTree = "<group>"; };
		40B6A67C2A75A2B9002D8B85 /* DYLDPatches.cpp */ = {isa = PBXFileReference; fileEncoding = 4; lastKnownFileType = sourcecode.cpp.cpp; path = DYLDPatches.cpp; sourceTree = "<group>"; };
		40B6A67D2A75A2B9002D8B85 /* DYLDPatches.hpp */ = {isa = PBXFileReference; fileEncoding = 4; lastKnownFileType = sourcecode.cpp.h; path = DYLDPatches.hpp; sourceTree = "<group>"; };
		CE405EBA1E49DD7100AA0B3D /* kern_compression.hpp */ = {isa = PBXFileReference; lastKnownFileType = sourcecode.cpp.h; path = kern_compression.hpp; sourceTree = "<group>"; };
		CE405EBB1E49DD7100AA0B3D /* kern_disasm.hpp */ = {isa = PBXFileReference; lastKnownFileType = sourcecode.cpp.h; path = kern_disasm.hpp; sourceTree = "<group>"; };
		CE405EBC1E49DD7100AA0B3D /* kern_file.hpp */ = {isa = PBXFileReference; lastKnownFileType = sourcecode.cpp.h; path = kern_file.hpp; sourceTree = "<group>"; };
		CE405EBD1E49DD7100AA0B3D /* kern_iokit.hpp */ = {isa = PBXFileReference; lastKnownFileType = sourcecode.cpp.h; path = kern_iokit.hpp; sourceTree = "<group>"; };
		CE405EBE1E49DD7100AA0B3D /* kern_mach.hpp */ = {isa = PBXFileReference; lastKnownFileType = sourcecode.cpp.h; path = kern_mach.hpp; sourceTree = "<group>"; };
		CE405EBF1E49DD7100AA0B3D /* kern_patcher.hpp */ = {isa = PBXFileReference; lastKnownFileType = sourcecode.cpp.h; path = kern_patcher.hpp; sourceTree = "<group>"; };
		CE405EC01E49DD7100AA0B3D /* kern_policy.hpp */ = {isa = PBXFileReference; lastKnownFileType = sourcecode.cpp.h; path = kern_policy.hpp; sourceTree = "<group>"; };
		CE405EC31E49DD7100AA0B3D /* kern_user.hpp */ = {isa = PBXFileReference; lastKnownFileType = sourcecode.cpp.h; path = kern_user.hpp; sourceTree = "<group>"; };
		CE405EC41E49DD7100AA0B3D /* kern_util.hpp */ = {isa = PBXFileReference; lastKnownFileType = sourcecode.cpp.h; path = kern_util.hpp; sourceTree = "<group>"; };
		CE405ECF1E49EC9100AA0B3D /* kern_config.hpp */ = {isa = PBXFileReference; fileEncoding = 4; lastKnownFileType = sourcecode.cpp.h; path = kern_config.hpp; sourceTree = "<group>"; };
		CE405ED21E49F9FC00AA0B3D /* kern_api.hpp */ = {isa = PBXFileReference; lastKnownFileType = sourcecode.cpp.h; path = kern_api.hpp; sourceTree = "<group>"; };
		CE405ED81E4A080700AA0B3D /* plugin_start.cpp */ = {isa = PBXFileReference; fileEncoding = 4; lastKnownFileType = sourcecode.cpp.cpp; path = plugin_start.cpp; sourceTree = "<group>"; };
		CE405EDA1E4A080F00AA0B3D /* plugin_start.hpp */ = {isa = PBXFileReference; lastKnownFileType = sourcecode.cpp.h; path = plugin_start.hpp; sourceTree = "<group>"; };
		CE8DA0822517C41A008C44E8 /* libkmod.a */ = {isa = PBXFileReference; lastKnownFileType = archive.ar; name = libkmod.a; path = ../Lilu/MacKernelSDK/Library/x86_64/libkmod.a; sourceTree = "<group>"; };
		D51187E52A6FB66800F23522 /* HWLibs.hpp */ = {isa = PBXFileReference; fileEncoding = 4; lastKnownFileType = sourcecode.cpp.h; path = HWLibs.hpp; sourceTree = "<group>"; };
		D51187E62A6FB66800F23522 /* HWLibs.cpp */ = {isa = PBXFileReference; fileEncoding = 4; lastKnownFileType = sourcecode.cpp.cpp; path = HWLibs.cpp; sourceTree = "<group>"; };
		D51187E72A6FB66800F23522 /* Model.hpp */ = {isa = PBXFileReference; fileEncoding = 4; lastKnownFileType = sourcecode.cpp.h; path = Model.hpp; sourceTree = "<group>"; };
		D51187EB2A6FB70700F23522 /* X6000FB.cpp */ = {isa = PBXFileReference; lastKnownFileType = sourcecode.cpp.cpp; path = X6000FB.cpp; sourceTree = "<group>"; };
		D51187EC2A6FB70700F23522 /* X6000FB.hpp */ = {isa = PBXFileReference; lastKnownFileType = sourcecode.cpp.h; path = X6000FB.hpp; sourceTree = "<group>"; };
		D51187EF2A6FBA3B00F23522 /* X6000.cpp */ = {isa = PBXFileReference; lastKnownFileType = sourcecode.cpp.cpp; path = X6000.cpp; sourceTree = "<group>"; };
		D51187F02A6FBA3B00F23522 /* X6000.hpp */ = {isa = PBXFileReference; lastKnownFileType = sourcecode.cpp.h; path = X6000.hpp; sourceTree = "<group>"; };
		D51217862A62008A00EC0BEB /* AMDCommon.hpp */ = {isa = PBXFileReference; lastKnownFileType = sourcecode.cpp.h; path = AMDCommon.hpp; sourceTree = "<group>"; };
		D51D13932AE51905008D0441 /* gc_10_3_4_rlc_lx6_dram_ucode.bin */ = {isa = PBXFileReference; lastKnownFileType = archive.macbinary; path = gc_10_3_4_rlc_lx6_dram_ucode.bin; sourceTree = "<group>"; };
		D51D13972AE51905008D0441 /* psp_sys_drv_navi21.bin */ = {isa = PBXFileReference; lastKnownFileType = archive.macbinary; path = psp_sys_drv_navi21.bin; sourceTree = "<group>"; };
		D51D13982AE51905008D0441 /* gc_10_3_4_mec_jt_ucode.bin */ = {isa = PBXFileReference; lastKnownFileType = archive.macbinary; path = gc_10_3_4_mec_jt_ucode.bin; sourceTree = "<group>"; };
		D51D13992AE51905008D0441 /* psp_sos_navi21.bin */ = {isa = PBXFileReference; lastKnownFileType = archive.macbinary; path = psp_sos_navi21.bin; sourceTree = "<group>"; };
		D51D139F2AE51905008D0441 /* psp_sys_drv_navi23.bin */ = {isa = PBXFileReference; lastKnownFileType = archive.macbinary; path = psp_sys_drv_navi23.bin; sourceTree = "<group>"; };
		D51D13A02AE51905008D0441 /* gc_10_3_4_ce_ucode.bin */ = {isa = PBXFileReference; lastKnownFileType = archive.macbinary; path = gc_10_3_4_ce_ucode.bin; sourceTree = "<group>"; };
		D51D13A12AE51905008D0441 /* gc_10_3_4_rlc_ucode.bin */ = {isa = PBXFileReference; lastKnownFileType = archive.macbinary; path = gc_10_3_4_rlc_ucode.bin; sourceTree = "<group>"; };
		D51D13A22AE51906008D0441 /* psp_key_database_navi21.bin */ = {isa = PBXFileReference; lastKnownFileType = archive.macbinary; path = psp_key_database_navi21.bin; sourceTree = "<group>"; };
		D51D13A52AE51906008D0441 /* gc_10_3_4_mec_ucode.bin */ = {isa = PBXFileReference; lastKnownFileType = archive.macbinary; path = gc_10_3_4_mec_ucode.bin; sourceTree = "<group>"; };
		D51D13A72AE51906008D0441 /* gc_10_3_4_global_tap_delays.bin */ = {isa = PBXFileReference; lastKnownFileType = archive.macbinary; path = gc_10_3_4_global_tap_delays.bin; sourceTree = "<group>"; };
		D51D13AA2AE51906008D0441 /* gc_10_3_4_rlcp_ucode.bin */ = {isa = PBXFileReference; lastKnownFileType = archive.macbinary; path = gc_10_3_4_rlcp_ucode.bin; sourceTree = "<group>"; };
		D51D13AD2AE51906008D0441 /* gc_10_3_4_pfp_ucode.bin */ = {isa = PBXFileReference; lastKnownFileType = archive.macbinary; path = gc_10_3_4_pfp_ucode.bin; sourceTree = "<group>"; };
		D51D13AE2AE51906008D0441 /* gc_10_3_4_se1_tap_delays.bin */ = {isa = PBXFileReference; lastKnownFileType = archive.macbinary; path = gc_10_3_4_se1_tap_delays.bin; sourceTree = "<group>"; };
		D51D13AF2AE51906008D0441 /* psp_key_database_navi23.bin */ = {isa = PBXFileReference; lastKnownFileType = archive.macbinary; path = psp_key_database_navi23.bin; sourceTree = "<group>"; };
		D51D13B02AE51906008D0441 /* gc_10_3_4_se0_tap_delays.bin */ = {isa = PBXFileReference; lastKnownFileType = archive.macbinary; path = gc_10_3_4_se0_tap_delays.bin; sourceTree = "<group>"; };
		D51D13B12AE51906008D0441 /* gc_10_3_2_se1_tap_delays.bin */ = {isa = PBXFileReference; lastKnownFileType = archive.macbinary; path = gc_10_3_2_se1_tap_delays.bin; sourceTree = "<group>"; };
		D51D13B22AE51906008D0441 /* psp_tos_spl_navi23.bin */ = {isa = PBXFileReference; lastKnownFileType = archive.macbinary; path = psp_tos_spl_navi23.bin; sourceTree = "<group>"; };
		D51D13B42AE51906008D0441 /* navi21_smc_firmware.bin */ = {isa = PBXFileReference; lastKnownFileType = archive.macbinary; path = navi21_smc_firmware.bin; sourceTree = "<group>"; };
		D51D13B62AE51906008D0441 /* atidmcub_instruction_dcn302.bin */ = {isa = PBXFileReference; lastKnownFileType = archive.macbinary; path = atidmcub_instruction_dcn302.bin; sourceTree = "<group>"; };
		D51D13B82AE51906008D0441 /* gc_10_3_4_rlc_lx6_iram_ucode.bin */ = {isa = PBXFileReference; lastKnownFileType = archive.macbinary; path = gc_10_3_4_rlc_lx6_iram_ucode.bin; sourceTree = "<group>"; };
		D51D13B92AE51907008D0441 /* sdma_5_2_4_ucode.bin */ = {isa = PBXFileReference; lastKnownFileType = archive.macbinary; path = sdma_5_2_4_ucode.bin; sourceTree = "<group>"; };
		D51D13BB2AE51907008D0441 /* gc_10_3_2_se0_tap_delays.bin */ = {isa = PBXFileReference; lastKnownFileType = archive.macbinary; path = gc_10_3_2_se0_tap_delays.bin; sourceTree = "<group>"; };
		D51D13BD2AE51907008D0441 /* navi23_smc_firmware.bin */ = {isa = PBXFileReference; lastKnownFileType = archive.macbinary; path = navi23_smc_firmware.bin; sourceTree = "<group>"; };
		D51D13C02AE51907008D0441 /* psp_tos_spl_navi21.bin */ = {isa = PBXFileReference; lastKnownFileType = archive.macbinary; path = psp_tos_spl_navi21.bin; sourceTree = "<group>"; };
		D51D13C32AE51907008D0441 /* gc_10_3_4_me_ucode.bin */ = {isa = PBXFileReference; lastKnownFileType = archive.macbinary; path = gc_10_3_4_me_ucode.bin; sourceTree = "<group>"; };
		D51D13C42AE51907008D0441 /* psp_sos_navi23.bin */ = {isa = PBXFileReference; lastKnownFileType = archive.macbinary; path = psp_sos_navi23.bin; sourceTree = "<group>"; };
		D53A4C102AAA620300ADD844 /* psp_sos_navi22.bin */ = {isa = PBXFileReference; lastKnownFileType = archive.macbinary; path = psp_sos_navi22.bin; sourceTree = "<group>"; };
		D53A4C112AAA620300ADD844 /* sdma_5_2_2_ucode.bin */ = {isa = PBXFileReference; lastKnownFileType = archive.macbinary; path = sdma_5_2_2_ucode.bin; sourceTree = "<group>"; };
		D53A4C122AAA620300ADD844 /* gc_10_3_2_pfp_ucode.bin */ = {isa = PBXFileReference; lastKnownFileType = archive.macbinary; path = gc_10_3_2_pfp_ucode.bin; sourceTree = "<group>"; };
		D53A4C132AAA620300ADD844 /* psp_dtm.bin */ = {isa = PBXFileReference; lastKnownFileType = archive.macbinary; path = psp_dtm.bin; sourceTree = "<group>"; };
		D53A4C142AAA620300ADD844 /* gc_10_3_2_mec_jt_ucode.bin */ = {isa = PBXFileReference; lastKnownFileType = archive.macbinary; path = gc_10_3_2_mec_jt_ucode.bin; sourceTree = "<group>"; };
		D53A4C152AAA620300ADD844 /* gc_10_3_2_global_tap_delays.bin */ = {isa = PBXFileReference; lastKnownFileType = archive.macbinary; path = gc_10_3_2_global_tap_delays.bin; sourceTree = "<group>"; };
		D53A4C162AAA620300ADD844 /* atidmcub_instruction_dcn30.bin */ = {isa = PBXFileReference; lastKnownFileType = archive.macbinary; path = atidmcub_instruction_dcn30.bin; sourceTree = "<group>"; };
		D53A4C182AAA620300ADD844 /* gc_10_3_2_mec_ucode.bin */ = {isa = PBXFileReference; lastKnownFileType = archive.macbinary; path = gc_10_3_2_mec_ucode.bin; sourceTree = "<group>"; };
		D53A4C1A2AAA620300ADD844 /* ativvaxy_vcn3.dat */ = {isa = PBXFileReference; lastKnownFileType = file; path = ativvaxy_vcn3.dat; sourceTree = "<group>"; };
		D53A4C1B2AAA620300ADD844 /* gc_10_3_2_ce_ucode.bin */ = {isa = PBXFileReference; lastKnownFileType = archive.macbinary; path = gc_10_3_2_ce_ucode.bin; sourceTree = "<group>"; };
		D53A4C1C2AAA620300ADD844 /* psp_hdcp.bin */ = {isa = PBXFileReference; lastKnownFileType = archive.macbinary; path = psp_hdcp.bin; sourceTree = "<group>"; };
		D53A4C1D2AAA620300ADD844 /* psp_key_database_navi22.bin */ = {isa = PBXFileReference; lastKnownFileType = archive.macbinary; path = psp_key_database_navi22.bin; sourceTree = "<group>"; };
		D53A4C1E2AAA620300ADD844 /* psp_sys_drv_navi22.bin */ = {isa = PBXFileReference; lastKnownFileType = archive.macbinary; path = psp_sys_drv_navi22.bin; sourceTree = "<group>"; };
		D53A4C1F2AAA620300ADD844 /* psp_tos_spl_navi22.bin */ = {isa = PBXFileReference; lastKnownFileType = archive.macbinary; path = psp_tos_spl_navi22.bin; sourceTree = "<group>"; };
		D53A4C202AAA620300ADD844 /* psp_auc.bin */ = {isa = PBXFileReference; lastKnownFileType = archive.macbinary; path = psp_auc.bin; sourceTree = "<group>"; };
		D53A4C222AAA620300ADD844 /* navi22_smc_firmware.bin */ = {isa = PBXFileReference; lastKnownFileType = archive.macbinary; path = navi22_smc_firmware.bin; sourceTree = "<group>"; };
		D53A4C242AAA620400ADD844 /* psp_asd.bin */ = {isa = PBXFileReference; lastKnownFileType = archive.macbinary; path = psp_asd.bin; sourceTree = "<group>"; };
		D53A4C252AAA620400ADD844 /* gc_10_3_2_me_ucode.bin */ = {isa = PBXFileReference; lastKnownFileType = archive.macbinary; path = gc_10_3_2_me_ucode.bin; sourceTree = "<group>"; };
		D53A4C262AAA620400ADD844 /* gc_10_3_2_rlcp_ucode.bin */ = {isa = PBXFileReference; lastKnownFileType = archive.macbinary; path = gc_10_3_2_rlcp_ucode.bin; sourceTree = "<group>"; };
		D53A4C272AAA620400ADD844 /* gc_10_3_2_rlc_lx6_dram_ucode.bin */ = {isa = PBXFileReference; lastKnownFileType = archive.macbinary; path = gc_10_3_2_rlc_lx6_dram_ucode.bin; sourceTree = "<group>"; };
		D53A4C282AAA620400ADD844 /* gc_10_3_2_rlc_ucode.bin */ = {isa = PBXFileReference; lastKnownFileType = archive.macbinary; path = gc_10_3_2_rlc_ucode.bin; sourceTree = "<group>"; };
		D53A4C292AAA620400ADD844 /* psp_fp.bin */ = {isa = PBXFileReference; lastKnownFileType = archive.macbinary; path = psp_fp.bin; sourceTree = "<group>"; };
		D53A4C2A2AAA620400ADD844 /* psp_rap.bin */ = {isa = PBXFileReference; lastKnownFileType = archive.macbinary; path = psp_rap.bin; sourceTree = "<group>"; };
		D53A4C2E2AAA620400ADD844 /* gc_10_3_2_rlc_lx6_iram_ucode.bin */ = {isa = PBXFileReference; lastKnownFileType = archive.macbinary; path = gc_10_3_2_rlc_lx6_iram_ucode.bin; sourceTree = "<group>"; };
		D579D09C2A629F5300A4BCCE /* NootRX.cpp */ = {isa = PBXFileReference; lastKnownFileType = sourcecode.cpp.cpp; path = NootRX.cpp; sourceTree = "<group>"; };
		D579D09D2A629F5300A4BCCE /* NootRX.hpp */ = {isa = PBXFileReference; lastKnownFileType = sourcecode.cpp.h; path = NootRX.hpp; sourceTree = "<group>"; };
/* End PBXFileReference section */

/* Begin PBXFrameworksBuildPhase section */
		1C748C231C21952C0024EED2 /* Frameworks */ = {
			isa = PBXFrameworksBuildPhase;
			buildActionMask = 2147483647;
			files = (
				CE8DA0832517C41A008C44E8 /* libkmod.a in Frameworks */,
			);
			runOnlyForDeploymentPostprocessing = 0;
		};
/* End PBXFrameworksBuildPhase section */

/* Begin PBXGroup section */
		1C748C1D1C21952C0024EED2 = {
			isa = PBXGroup;
			children = (
				1C748C291C21952C0024EED2 /* NootRX */,
				CE405EC81E49DD7B00AA0B3D /* SDK */,
				1C748C281C21952C0024EED2 /* Products */,
				CE8DA0812517C41A008C44E8 /* Frameworks */,
			);
			sourceTree = "<group>";
			usesTabs = 1;
		};
		1C748C281C21952C0024EED2 /* Products */ = {
			isa = PBXGroup;
			children = (
				1C748C271C21952C0024EED2 /* NootRX.kext */,
			);
			name = Products;
			sourceTree = "<group>";
		};
		1C748C291C21952C0024EED2 /* NootRX */ = {
			isa = PBXGroup;
			children = (
				D51217862A62008A00EC0BEB /* AMDCommon.hpp */,
				40B6A67C2A75A2B9002D8B85 /* DYLDPatches.cpp */,
				40B6A67D2A75A2B9002D8B85 /* DYLDPatches.hpp */,
				4095294B2A7970ED00923793 /* Firmware */,
				4095294F2A7971CD00923793 /* Firmware.cpp */,
				409529502A7971CD00923793 /* Firmware.hpp */,
				D51187E62A6FB66800F23522 /* HWLibs.cpp */,
				D51187E52A6FB66800F23522 /* HWLibs.hpp */,
				1C748C2E1C21952C0024EED2 /* Info.plist */,
				D51187E72A6FB66800F23522 /* Model.hpp */,
				D579D09C2A629F5300A4BCCE /* NootRX.cpp */,
				D579D09D2A629F5300A4BCCE /* NootRX.hpp */,
				406889892A229BF600028D22 /* PatcherPlus.cpp */,
				4068898A2A229BF600028D22 /* PatcherPlus.hpp */,
				1C748C2C1C21952C0024EED2 /* Plugin.cpp */,
				D51187EF2A6FBA3B00F23522 /* X6000.cpp */,
				D51187F02A6FBA3B00F23522 /* X6000.hpp */,
				D51187EB2A6FB70700F23522 /* X6000FB.cpp */,
				D51187EC2A6FB70700F23522 /* X6000FB.hpp */,
			);
			path = NootRX;
			sourceTree = "<group>";
		};
		4095294B2A7970ED00923793 /* Firmware */ = {
			isa = PBXGroup;
			children = (
				D53A4C162AAA620300ADD844 /* atidmcub_instruction_dcn30.bin */,
				D51D13B62AE51906008D0441 /* atidmcub_instruction_dcn302.bin */,
				D53A4C1A2AAA620300ADD844 /* ativvaxy_vcn3.dat */,
				407EC2702C6AE97B00A5BEA4 /* com.apple.kext.AMDRadeonX6000.xml */,
				407EC2712C6AE97B00A5BEA4 /* com.apple.kext.AMDRadeonX6000Framebuffer.xml */,
				407EC2722C6AE97B00A5BEA4 /* com.apple.kext.AMDRadeonX6000HWServices.xml */,
				D53A4C1B2AAA620300ADD844 /* gc_10_3_2_ce_ucode.bin */,
				D53A4C152AAA620300ADD844 /* gc_10_3_2_global_tap_delays.bin */,
				D53A4C252AAA620400ADD844 /* gc_10_3_2_me_ucode.bin */,
				D53A4C142AAA620300ADD844 /* gc_10_3_2_mec_jt_ucode.bin */,
				D53A4C182AAA620300ADD844 /* gc_10_3_2_mec_ucode.bin */,
				D53A4C122AAA620300ADD844 /* gc_10_3_2_pfp_ucode.bin */,
				D53A4C272AAA620400ADD844 /* gc_10_3_2_rlc_lx6_dram_ucode.bin */,
				D53A4C2E2AAA620400ADD844 /* gc_10_3_2_rlc_lx6_iram_ucode.bin */,
				404624B22BD4FAFE00677022 /* gc_10_3_2_rlc_srlist_cntl.bin */,
				404624B72BD4FAFE00677022 /* gc_10_3_2_rlc_srlist_gpm_mem.bin */,
				404624BE2BD4FAFE00677022 /* gc_10_3_2_rlc_srlist_srm_mem.bin */,
				D53A4C282AAA620400ADD844 /* gc_10_3_2_rlc_ucode.bin */,
				D53A4C262AAA620400ADD844 /* gc_10_3_2_rlcp_ucode.bin */,
				D51D13BB2AE51907008D0441 /* gc_10_3_2_se0_tap_delays.bin */,
				D51D13B12AE51906008D0441 /* gc_10_3_2_se1_tap_delays.bin */,
				D51D13A02AE51905008D0441 /* gc_10_3_4_ce_ucode.bin */,
				D51D13A72AE51906008D0441 /* gc_10_3_4_global_tap_delays.bin */,
				D51D13C32AE51907008D0441 /* gc_10_3_4_me_ucode.bin */,
				D51D13982AE51905008D0441 /* gc_10_3_4_mec_jt_ucode.bin */,
				D51D13A52AE51906008D0441 /* gc_10_3_4_mec_ucode.bin */,
				D51D13AD2AE51906008D0441 /* gc_10_3_4_pfp_ucode.bin */,
				D51D13932AE51905008D0441 /* gc_10_3_4_rlc_lx6_dram_ucode.bin */,
				D51D13B82AE51906008D0441 /* gc_10_3_4_rlc_lx6_iram_ucode.bin */,
				404624BD2BD4FAFE00677022 /* gc_10_3_4_rlc_srlist_cntl.bin */,
				404624A32BD4FAFE00677022 /* gc_10_3_4_rlc_srlist_gpm_mem.bin */,
				404624A72BD4FAFE00677022 /* gc_10_3_4_rlc_srlist_srm_mem.bin */,
				D51D13A12AE51905008D0441 /* gc_10_3_4_rlc_ucode.bin */,
				D51D13AA2AE51906008D0441 /* gc_10_3_4_rlcp_ucode.bin */,
				D51D13B02AE51906008D0441 /* gc_10_3_4_se0_tap_delays.bin */,
				D51D13AE2AE51906008D0441 /* gc_10_3_4_se1_tap_delays.bin */,
				404624AA2BD4FAFE00677022 /* gc_10_3_ce_ucode.bin */,
				404624A52BD4FAFE00677022 /* gc_10_3_global_tap_delays.bin */,
				404624B52BD4FAFE00677022 /* gc_10_3_me_ucode.bin */,
				404624BA2BD4FAFE00677022 /* gc_10_3_mec_jt_ucode.bin */,
				404624B32BD4FAFE00677022 /* gc_10_3_mec_ucode.bin */,
				404624A92BD4FAFE00677022 /* gc_10_3_pfp_ucode.bin */,
				404624A82BD4FAFE00677022 /* gc_10_3_rlc_lx6_dram_ucode.bin */,
				404624AF2BD4FAFE00677022 /* gc_10_3_rlc_lx6_iram_ucode.bin */,
				404624AE2BD4FAFE00677022 /* gc_10_3_rlc_srlist_cntl.bin */,
				404624AD2BD4FAFE00677022 /* gc_10_3_rlc_srlist_gpm_mem.bin */,
				404624A62BD4FAFE00677022 /* gc_10_3_rlc_srlist_srm_mem.bin */,
				404624B12BD4FAFE00677022 /* gc_10_3_rlc_ucode.bin */,
				404624BB2BD4FAFE00677022 /* gc_10_3_rlcp_ucode.bin */,
				404624A42BD4FAFE00677022 /* gc_10_3_se0_tap_delays.bin */,
				404624AB2BD4FAFE00677022 /* gc_10_3_se1_tap_delays.bin */,
				404624B02BD4FAFE00677022 /* gc_10_3_se2_tap_delays.bin */,
				404624B92BD4FAFE00677022 /* gc_10_3_se3_tap_delays.bin */,
				404624B42BD4FAFE00677022 /* LICENSE */,
				404624B62BD4FAFE00677022 /* mes_10_3_mes0_data.bin */,
				404624BC2BD4FAFE00677022 /* mes_10_3_mes0_ucode.bin */,
				D51D13B42AE51906008D0441 /* navi21_smc_firmware.bin */,
				D53A4C222AAA620300ADD844 /* navi22_smc_firmware.bin */,
				D51D13BD2AE51907008D0441 /* navi23_smc_firmware.bin */,
				D53A4C242AAA620400ADD844 /* psp_asd.bin */,
				D53A4C202AAA620300ADD844 /* psp_auc.bin */,
				D53A4C132AAA620300ADD844 /* psp_dtm.bin */,
				D53A4C292AAA620400ADD844 /* psp_fp.bin */,
				D53A4C1C2AAA620300ADD844 /* psp_hdcp.bin */,
				D51D13A22AE51906008D0441 /* psp_key_database_navi21.bin */,
				D53A4C1D2AAA620300ADD844 /* psp_key_database_navi22.bin */,
				D51D13AF2AE51906008D0441 /* psp_key_database_navi23.bin */,
				D53A4C2A2AAA620400ADD844 /* psp_rap.bin */,
				D51D13992AE51905008D0441 /* psp_sos_navi21.bin */,
				D53A4C102AAA620300ADD844 /* psp_sos_navi22.bin */,
				D51D13C42AE51907008D0441 /* psp_sos_navi23.bin */,
				D51D13972AE51905008D0441 /* psp_sys_drv_navi21.bin */,
				D53A4C1E2AAA620300ADD844 /* psp_sys_drv_navi22.bin */,
				D51D139F2AE51905008D0441 /* psp_sys_drv_navi23.bin */,
				D51D13C02AE51907008D0441 /* psp_tos_spl_navi21.bin */,
				D53A4C1F2AAA620300ADD844 /* psp_tos_spl_navi22.bin */,
				D51D13B22AE51906008D0441 /* psp_tos_spl_navi23.bin */,
				D53A4C112AAA620300ADD844 /* sdma_5_2_2_ucode.bin */,
				D51D13B92AE51907008D0441 /* sdma_5_2_4_ucode.bin */,
				404624B82BD4FAFE00677022 /* sdma_5_2_ucode.bin */,
			);
			path = Firmware;
			sourceTree = "<group>";
		};
		CE405EB91E49DD7100AA0B3D /* Headers */ = {
			isa = PBXGroup;
			children = (
				CE405ED21E49F9FC00AA0B3D /* kern_api.hpp */,
				CE405ECF1E49EC9100AA0B3D /* kern_config.hpp */,
				CE405EBA1E49DD7100AA0B3D /* kern_compression.hpp */,
				CE405EBB1E49DD7100AA0B3D /* kern_disasm.hpp */,
				CE405EBC1E49DD7100AA0B3D /* kern_file.hpp */,
				CE405EBD1E49DD7100AA0B3D /* kern_iokit.hpp */,
				CE405EBE1E49DD7100AA0B3D /* kern_mach.hpp */,
				CE405EBF1E49DD7100AA0B3D /* kern_patcher.hpp */,
				CE405EC01E49DD7100AA0B3D /* kern_policy.hpp */,
				CE405EC31E49DD7100AA0B3D /* kern_user.hpp */,
				CE405EC41E49DD7100AA0B3D /* kern_util.hpp */,
				CE405EDA1E4A080F00AA0B3D /* plugin_start.hpp */,
			);
			name = Headers;
			path = Lilu.kext/Contents/Resources/Headers;
			sourceTree = SOURCE_ROOT;
		};
		CE405EC51E49DD7100AA0B3D /* Library */ = {
			isa = PBXGroup;
			children = (
				CE405ED81E4A080700AA0B3D /* plugin_start.cpp */,
			);
			name = Library;
			path = Lilu.kext/Contents/Resources/Library;
			sourceTree = SOURCE_ROOT;
		};
		CE405EC81E49DD7B00AA0B3D /* SDK */ = {
			isa = PBXGroup;
			children = (
				CE405EB91E49DD7100AA0B3D /* Headers */,
				CE405EC51E49DD7100AA0B3D /* Library */,
			);
			name = SDK;
			sourceTree = "<group>";
		};
		CE8DA0812517C41A008C44E8 /* Frameworks */ = {
			isa = PBXGroup;
			children = (
				CE8DA0822517C41A008C44E8 /* libkmod.a */,
			);
			name = Frameworks;
			sourceTree = "<group>";
		};
/* End PBXGroup section */

/* Begin PBXHeadersBuildPhase section */
		1C748C241C21952C0024EED2 /* Headers */ = {
			isa = PBXHeadersBuildPhase;
			buildActionMask = 2147483647;
			files = (
				D579D09F2A629F5300A4BCCE /* NootRX.hpp in Headers */,
				40B6A67F2A75A2B9002D8B85 /* DYLDPatches.hpp in Headers */,
				D51187F22A6FBA3B00F23522 /* X6000.hpp in Headers */,
				409529522A7971CD00923793 /* Firmware.hpp in Headers */,
				D51187E82A6FB66800F23522 /* HWLibs.hpp in Headers */,
				D51187EA2A6FB66800F23522 /* Model.hpp in Headers */,
				D51217872A62008A00EC0BEB /* AMDCommon.hpp in Headers */,
				D51187EE2A6FB70700F23522 /* X6000FB.hpp in Headers */,
				4068898C2A229BF600028D22 /* PatcherPlus.hpp in Headers */,
			);
			runOnlyForDeploymentPostprocessing = 0;
		};
/* End PBXHeadersBuildPhase section */

/* Begin PBXNativeTarget section */
		1C748C261C21952C0024EED2 /* NootRX */ = {
			isa = PBXNativeTarget;
			buildConfigurationList = 1C748C311C21952C0024EED2 /* Build configuration list for PBXNativeTarget "NootRX" */;
			buildPhases = (
				4095294E2A79718600923793 /* ShellScript */,
				1C748C221C21952C0024EED2 /* Sources */,
				1C748C231C21952C0024EED2 /* Frameworks */,
				1C748C241C21952C0024EED2 /* Headers */,
				1C642F521C8F157A006B4C51 /* Copy Files */,
				CE131D6A1FB728990036C3A0 /* Archive */,
			);
			buildRules = (
			);
			dependencies = (
			);
			name = NootRX;
			productName = NootRX;
			productReference = 1C748C271C21952C0024EED2 /* NootRX.kext */;
			productType = "com.apple.product-type.kernel-extension";
		};
/* End PBXNativeTarget section */

/* Begin PBXProject section */
		1C748C1E1C21952C0024EED2 /* Project object */ = {
			isa = PBXProject;
			attributes = {
				BuildIndependentTargetsInParallel = YES;
				LastUpgradeCheck = 1430;
				ORGANIZATIONNAME = ChefKiss;
				TargetAttributes = {
					1C748C261C21952C0024EED2 = {
						CreatedOnToolsVersion = 7.2;
					};
				};
			};
			buildConfigurationList = 1C748C211C21952C0024EED2 /* Build configuration list for PBXProject "NootRX" */;
			compatibilityVersion = "Xcode 12.0";
			developmentRegion = en;
			hasScannedForEncodings = 0;
			knownRegions = (
				en,
				Base,
			);
			mainGroup = 1C748C1D1C21952C0024EED2;
			productRefGroup = 1C748C281C21952C0024EED2 /* Products */;
			projectDirPath = "";
			projectRoot = "";
			targets = (
				1C748C261C21952C0024EED2 /* NootRX */,
			);
		};
/* End PBXProject section */

/* Begin PBXShellScriptBuildPhase section */
		4095294E2A79718600923793 /* ShellScript */ = {
			isa = PBXShellScriptBuildPhase;
			alwaysOutOfDate = 1;
			buildActionMask = 2147483647;
			files = (
			);
			inputFileListPaths = (
			);
			inputPaths = (
			);
			outputFileListPaths = (
			);
			outputPaths = (
				"$(PROJECT_DIR)/NootRX/Firmware.cpp",
			);
			runOnlyForDeploymentPostprocessing = 0;
			shellPath = /bin/bash;
			shellScript = "Scripts/FwGen.sh -P \"${PROJECT_DIR}/NootRX/Firmware/\"\n";
		};
		CE131D6A1FB728990036C3A0 /* Archive */ = {
			isa = PBXShellScriptBuildPhase;
			buildActionMask = 2147483647;
			files = (
			);
			inputPaths = (
			);
			name = Archive;
			outputPaths = (
			);
			runOnlyForDeploymentPostprocessing = 0;
			shellPath = /bin/bash;
			shellScript = "cd \"${TARGET_BUILD_DIR}\"\n\ndist=(\"$FULL_PRODUCT_NAME\")\nif [ -d \"$DWARF_DSYM_FILE_NAME\" ]; then dist+=(\"$DWARF_DSYM_FILE_NAME\"); fi\n\narchive=\"${PRODUCT_NAME}-${MODULE_VERSION}-$(echo $CONFIGURATION | tr /a-z/ /A-Z/).zip\"\nrm -rf *.zip\nif [ \"$CONFIGURATION\" == \"Release\" ]; then\n  strip -x -T \"${EXECUTABLE_PATH}\" &>/dev/null || strip -x \"${EXECUTABLE_PATH}\"\nfi\nzip -qry -FS \"${archive}\" \"${dist[@]}\"\n";
		};
/* End PBXShellScriptBuildPhase section */

/* Begin PBXSourcesBuildPhase section */
		1C748C221C21952C0024EED2 /* Sources */ = {
			isa = PBXSourcesBuildPhase;
			buildActionMask = 2147483647;
			files = (
				D51187ED2A6FB70700F23522 /* X6000FB.cpp in Sources */,
				40B6A67E2A75A2B9002D8B85 /* DYLDPatches.cpp in Sources */,
				D579D09E2A629F5300A4BCCE /* NootRX.cpp in Sources */,
				D51187E92A6FB66800F23522 /* HWLibs.cpp in Sources */,
				4068898B2A229BF600028D22 /* PatcherPlus.cpp in Sources */,
				CE405ED91E4A080700AA0B3D /* plugin_start.cpp in Sources */,
				1C748C2D1C21952C0024EED2 /* Plugin.cpp in Sources */,
				409529512A7971CD00923793 /* Firmware.cpp in Sources */,
				D51187F12A6FBA3B00F23522 /* X6000.cpp in Sources */,
			);
			runOnlyForDeploymentPostprocessing = 0;
		};
/* End PBXSourcesBuildPhase section */

/* Begin XCBuildConfiguration section */
		1C748C2F1C21952C0024EED2 /* Debug */ = {
			isa = XCBuildConfiguration;
			buildSettings = {
				ALWAYS_SEARCH_USER_PATHS = NO;
				ARCHS = x86_64;
				CLANG_ANALYZER_LOCALIZABILITY_NONLOCALIZED = YES;
				CLANG_CXX_LANGUAGE_STANDARD = "c++1y";
				CLANG_CXX_LIBRARY = "libc++";
				CLANG_WARN_BLOCK_CAPTURE_AUTORELEASING = YES;
				CLANG_WARN_BOOL_CONVERSION = YES;
				CLANG_WARN_COMMA = YES;
				CLANG_WARN_CONSTANT_CONVERSION = YES;
				CLANG_WARN_DEPRECATED_OBJC_IMPLEMENTATIONS = YES;
				CLANG_WARN_DIRECT_OBJC_ISA_USAGE = YES_ERROR;
				CLANG_WARN_EMPTY_BODY = YES;
				CLANG_WARN_ENUM_CONVERSION = YES;
				CLANG_WARN_INFINITE_RECURSION = YES;
				CLANG_WARN_INT_CONVERSION = YES;
				CLANG_WARN_NON_LITERAL_NULL_CONVERSION = YES;
				CLANG_WARN_OBJC_IMPLICIT_RETAIN_SELF = YES;
				CLANG_WARN_OBJC_LITERAL_CONVERSION = YES;
				CLANG_WARN_OBJC_ROOT_CLASS = YES_ERROR;
				CLANG_WARN_QUOTED_INCLUDE_IN_FRAMEWORK_HEADER = YES;
				CLANG_WARN_RANGE_LOOP_ANALYSIS = YES;
				CLANG_WARN_STRICT_PROTOTYPES = YES;
				CLANG_WARN_SUSPICIOUS_MOVE = YES;
				CLANG_WARN_UNREACHABLE_CODE = YES;
				CLANG_WARN__DUPLICATE_METHOD_MATCH = YES;
				DEAD_CODE_STRIPPING = YES;
				DEBUG_INFORMATION_FORMAT = dwarf;
				ENABLE_STRICT_OBJC_MSGSEND = YES;
				ENABLE_TESTABILITY = YES;
				GCC_C_LANGUAGE_STANDARD = c11;
				GCC_NO_COMMON_BLOCKS = YES;
				GCC_OPTIMIZATION_LEVEL = 0;
				GCC_PREPROCESSOR_DEFINITIONS = (
					"DEBUG=1",
					"$(inherited)",
				);
				GCC_SYMBOLS_PRIVATE_EXTERN = YES;
				GCC_WARN_64_TO_32_BIT_CONVERSION = YES;
				GCC_WARN_ABOUT_RETURN_TYPE = YES_ERROR;
				GCC_WARN_UNDECLARED_SELECTOR = YES;
				GCC_WARN_UNINITIALIZED_AUTOS = YES_AGGRESSIVE;
				GCC_WARN_UNUSED_FUNCTION = YES;
				GCC_WARN_UNUSED_VARIABLE = YES;
				HEADER_SEARCH_PATHS = (
					"$(PROJECT_DIR)/Lilu.kext/Contents/Resources",
					"$(PROJECT_DIR)/MacKernelSDK/Headers",
				);
				KERNEL_EXTENSION_HEADER_SEARCH_PATHS = "$(PROJECT_DIR)/MacKernelSDK/Headers";
				KERNEL_FRAMEWORK_HEADERS = "$(PROJECT_DIR)/MacKernelSDK/Headers";
				LIBRARY_SEARCH_PATHS = "$(PROJECT_DIR)/MacKernelSDK/Library/x86_64";
				MACOSX_DEPLOYMENT_TARGET = 10.15;
				ONLY_ACTIVE_ARCH = YES;
				OTHER_CFLAGS = (
					"-Wextra",
					"-Wall",
				);
				SDKROOT = macosx;
			};
			name = Debug;
		};
		1C748C301C21952C0024EED2 /* Release */ = {
			isa = XCBuildConfiguration;
			buildSettings = {
				ALWAYS_SEARCH_USER_PATHS = NO;
				ARCHS = x86_64;
				CLANG_ANALYZER_LOCALIZABILITY_NONLOCALIZED = YES;
				CLANG_CXX_LANGUAGE_STANDARD = "c++1y";
				CLANG_CXX_LIBRARY = "libc++";
				CLANG_WARN_BLOCK_CAPTURE_AUTORELEASING = YES;
				CLANG_WARN_BOOL_CONVERSION = YES;
				CLANG_WARN_COMMA = YES;
				CLANG_WARN_CONSTANT_CONVERSION = YES;
				CLANG_WARN_DEPRECATED_OBJC_IMPLEMENTATIONS = YES;
				CLANG_WARN_DIRECT_OBJC_ISA_USAGE = YES_ERROR;
				CLANG_WARN_EMPTY_BODY = YES;
				CLANG_WARN_ENUM_CONVERSION = YES;
				CLANG_WARN_INFINITE_RECURSION = YES;
				CLANG_WARN_INT_CONVERSION = YES;
				CLANG_WARN_NON_LITERAL_NULL_CONVERSION = YES;
				CLANG_WARN_OBJC_IMPLICIT_RETAIN_SELF = YES;
				CLANG_WARN_OBJC_LITERAL_CONVERSION = YES;
				CLANG_WARN_OBJC_ROOT_CLASS = YES_ERROR;
				CLANG_WARN_QUOTED_INCLUDE_IN_FRAMEWORK_HEADER = YES;
				CLANG_WARN_RANGE_LOOP_ANALYSIS = YES;
				CLANG_WARN_STRICT_PROTOTYPES = YES;
				CLANG_WARN_SUSPICIOUS_MOVE = YES;
				CLANG_WARN_UNREACHABLE_CODE = YES;
				CLANG_WARN__DUPLICATE_METHOD_MATCH = YES;
				DEAD_CODE_STRIPPING = YES;
				DEBUG_INFORMATION_FORMAT = "dwarf-with-dsym";
				ENABLE_STRICT_OBJC_MSGSEND = YES;
				GCC_C_LANGUAGE_STANDARD = c11;
				GCC_NO_COMMON_BLOCKS = YES;
				GCC_OPTIMIZATION_LEVEL = 3;
				GCC_SYMBOLS_PRIVATE_EXTERN = YES;
				GCC_UNROLL_LOOPS = YES;
				GCC_WARN_64_TO_32_BIT_CONVERSION = YES;
				GCC_WARN_ABOUT_RETURN_TYPE = YES_ERROR;
				GCC_WARN_UNDECLARED_SELECTOR = YES;
				GCC_WARN_UNINITIALIZED_AUTOS = YES_AGGRESSIVE;
				GCC_WARN_UNUSED_FUNCTION = YES;
				GCC_WARN_UNUSED_VARIABLE = YES;
				HEADER_SEARCH_PATHS = (
					"$(PROJECT_DIR)/Lilu.kext/Contents/Resources",
					"$(PROJECT_DIR)/MacKernelSDK/Headers",
				);
				KERNEL_EXTENSION_HEADER_SEARCH_PATHS = "$(PROJECT_DIR)/MacKernelSDK/Headers";
				KERNEL_FRAMEWORK_HEADERS = "$(PROJECT_DIR)/MacKernelSDK/Headers";
				LIBRARY_SEARCH_PATHS = "$(PROJECT_DIR)/MacKernelSDK/Library/x86_64";
				LLVM_LTO = YES_THIN;
				MACOSX_DEPLOYMENT_TARGET = 10.15;
				OTHER_CFLAGS = (
					"-Wextra",
					"-Wall",
				);
				SDKROOT = macosx;
			};
			name = Release;
		};
		1C748C321C21952C0024EED2 /* Debug */ = {
			isa = XCBuildConfiguration;
			buildSettings = {
				CLANG_ANALYZER_DEADCODE_DEADSTORES = NO;
				CLANG_ANALYZER_DIVIDE_BY_ZERO = NO;
				CLANG_ANALYZER_NULL_DEREFERENCE = NO;
				CLANG_CXX_LANGUAGE_STANDARD = "c++17";
				CLANG_CXX_LIBRARY = "compiler-default";
				CLANG_ENABLE_OBJC_WEAK = YES;
				CODE_SIGN_IDENTITY = "-";
				COPY_PHASE_STRIP = NO;
				CURRENT_PROJECT_VERSION = "$(MODULE_VERSION)";
				DEPLOYMENT_POSTPROCESSING = YES;
				GCC_ENABLE_FLOATING_POINT_LIBRARY_CALLS = NO;
				GCC_ENABLE_KERNEL_DEVELOPMENT = NO;
				GCC_GENERATE_DEBUGGING_SYMBOLS = NO;
				GCC_PREPROCESSOR_DEFINITIONS = (
					"MODULE_VERSION=$(MODULE_VERSION)",
					"PRODUCT_NAME=$(PRODUCT_NAME)",
					"APPLE_KEXT_ASSERTIONS=1",
					"$(inherited)",
				);
				HEADER_SEARCH_PATHS = "$(inherited)";
				INFOPLIST_FILE = NootRX/Info.plist;
				LIBRARY_SEARCH_PATHS = (
					"$(inherited)",
					"$(PROJECT_DIR)/MacKernelSDK/Library/x86_64",
				);
				MACOSX_DEPLOYMENT_TARGET = 11.0;
				MODULE_NAME = org.ChefKiss.NootRX;
				MODULE_START = "$(PRODUCT_NAME)_kern_start";
				MODULE_STOP = "$(PRODUCT_NAME)_kern_stop";
				MODULE_VERSION = 1.0.0;
				OTHER_CFLAGS = (
					"-mmmx",
					"-msse",
					"-msse2",
					"-msse3",
					"-mfpmath=sse",
					"-mssse3",
					"-ftree-vectorize",
					"-fno-non-call-exceptions",
					"-fno-builtin",
					"-fno-asynchronous-unwind-tables",
					"-Wno-unknown-warning-option",
					"-Wno-ossharedptr-misuse",
					"-Wno-vla",
					"-Wextra",
					"-Wall",
					"$(inherited)",
				);
				OTHER_LDFLAGS = "-static";
				PRODUCT_BUNDLE_IDENTIFIER = org.ChefKiss.NootRX;
				PRODUCT_NAME = "$(TARGET_NAME)";
				RUN_CLANG_STATIC_ANALYZER = YES;
				WRAPPER_EXTENSION = kext;
			};
			name = Debug;
		};
		1C748C331C21952C0024EED2 /* Release */ = {
			isa = XCBuildConfiguration;
			buildSettings = {
				CLANG_CXX_LANGUAGE_STANDARD = "c++17";
				CLANG_CXX_LIBRARY = "compiler-default";
				CLANG_ENABLE_OBJC_WEAK = YES;
				CODE_SIGN_IDENTITY = "-";
				CURRENT_PROJECT_VERSION = "$(MODULE_VERSION)";
				DEAD_CODE_STRIPPING = YES;
				DEPLOYMENT_POSTPROCESSING = YES;
				GCC_ENABLE_FLOATING_POINT_LIBRARY_CALLS = NO;
				GCC_ENABLE_KERNEL_DEVELOPMENT = NO;
				GCC_GENERATE_DEBUGGING_SYMBOLS = YES;
				GCC_PREPROCESSOR_DEFINITIONS = (
					"MODULE_VERSION=$(MODULE_VERSION)",
					"PRODUCT_NAME=$(PRODUCT_NAME)",
				);
				HEADER_SEARCH_PATHS = "$(inherited)";
				INFOPLIST_FILE = NootRX/Info.plist;
				LIBRARY_SEARCH_PATHS = (
					"$(inherited)",
					"$(PROJECT_DIR)/MacKernelSDK/Library/x86_64",
				);
				MACOSX_DEPLOYMENT_TARGET = 11.0;
				MODULE_NAME = org.ChefKiss.NootRX;
				MODULE_START = "$(PRODUCT_NAME)_kern_start";
				MODULE_STOP = "$(PRODUCT_NAME)_kern_stop";
				MODULE_VERSION = 1.0.0;
				OTHER_CFLAGS = (
					"-mmmx",
					"-msse",
					"-msse2",
					"-msse3",
					"-mfpmath=sse",
					"-mssse3",
					"-ftree-vectorize",
					"-fno-non-call-exceptions",
					"-fno-builtin",
					"-fno-asynchronous-unwind-tables",
					"-Wno-unknown-warning-option",
					"-Wno-ossharedptr-misuse",
					"-Wno-vla",
					"-Wextra",
					"-Wall",
					"$(inherited)",
				);
				OTHER_LDFLAGS = "-static";
				PRODUCT_BUNDLE_IDENTIFIER = org.ChefKiss.NootRX;
				PRODUCT_NAME = "$(TARGET_NAME)";
				WRAPPER_EXTENSION = kext;
			};
			name = Release;
		};
		CE9901CA21456F6C006E5CF5 /* Sanitize */ = {
			isa = XCBuildConfiguration;
			buildSettings = {
				ALWAYS_SEARCH_USER_PATHS = NO;
				CLANG_ANALYZER_LOCALIZABILITY_NONLOCALIZED = YES;
				CLANG_CXX_LANGUAGE_STANDARD = "c++1y";
				CLANG_CXX_LIBRARY = "libc++";
				CLANG_WARN_BLOCK_CAPTURE_AUTORELEASING = YES;
				CLANG_WARN_BOOL_CONVERSION = YES;
				CLANG_WARN_COMMA = YES;
				CLANG_WARN_CONSTANT_CONVERSION = YES;
				CLANG_WARN_DEPRECATED_OBJC_IMPLEMENTATIONS = YES;
				CLANG_WARN_DIRECT_OBJC_ISA_USAGE = YES_ERROR;
				CLANG_WARN_EMPTY_BODY = YES;
				CLANG_WARN_ENUM_CONVERSION = YES;
				CLANG_WARN_INFINITE_RECURSION = YES;
				CLANG_WARN_INT_CONVERSION = YES;
				CLANG_WARN_NON_LITERAL_NULL_CONVERSION = YES;
				CLANG_WARN_OBJC_IMPLICIT_RETAIN_SELF = YES;
				CLANG_WARN_OBJC_LITERAL_CONVERSION = YES;
				CLANG_WARN_OBJC_ROOT_CLASS = YES_ERROR;
				CLANG_WARN_QUOTED_INCLUDE_IN_FRAMEWORK_HEADER = YES;
				CLANG_WARN_RANGE_LOOP_ANALYSIS = YES;
				CLANG_WARN_STRICT_PROTOTYPES = YES;
				CLANG_WARN_SUSPICIOUS_MOVE = YES;
				CLANG_WARN_UNREACHABLE_CODE = YES;
				CLANG_WARN__DUPLICATE_METHOD_MATCH = YES;
				DEAD_CODE_STRIPPING = YES;
				DEBUG_INFORMATION_FORMAT = dwarf;
				ENABLE_STRICT_OBJC_MSGSEND = YES;
				ENABLE_TESTABILITY = YES;
				GCC_C_LANGUAGE_STANDARD = c11;
				GCC_NO_COMMON_BLOCKS = YES;
				GCC_OPTIMIZATION_LEVEL = 0;
				GCC_PREPROCESSOR_DEFINITIONS = (
					"DEBUG=1",
					"$(inherited)",
				);
				GCC_SYMBOLS_PRIVATE_EXTERN = YES;
				GCC_WARN_64_TO_32_BIT_CONVERSION = YES;
				GCC_WARN_ABOUT_RETURN_TYPE = YES_ERROR;
				GCC_WARN_UNDECLARED_SELECTOR = YES;
				GCC_WARN_UNINITIALIZED_AUTOS = YES_AGGRESSIVE;
				GCC_WARN_UNUSED_FUNCTION = YES;
				GCC_WARN_UNUSED_VARIABLE = YES;
				KERNEL_EXTENSION_HEADER_SEARCH_PATHS = "$(PROJECT_DIR)/MacKernelSDK/Headers";
				KERNEL_FRAMEWORK_HEADERS = "$(PROJECT_DIR)/MacKernelSDK/Headers";
				MACOSX_DEPLOYMENT_TARGET = 10.15;
				ONLY_ACTIVE_ARCH = YES;
				OTHER_CFLAGS = (
					"-Wextra",
					"-Wall",
				);
				SDKROOT = macosx;
			};
			name = Sanitize;
		};
		CE9901CB21456F6C006E5CF5 /* Sanitize */ = {
			isa = XCBuildConfiguration;
			buildSettings = {
				CLANG_CXX_LANGUAGE_STANDARD = "c++17";
				CLANG_CXX_LIBRARY = "compiler-default";
				CLANG_ENABLE_OBJC_WEAK = YES;
				CODE_SIGN_IDENTITY = "-";
				COPY_PHASE_STRIP = NO;
				CURRENT_PROJECT_VERSION = "$(MODULE_VERSION)";
				DEPLOYMENT_POSTPROCESSING = YES;
				GCC_ENABLE_FLOATING_POINT_LIBRARY_CALLS = NO;
				GCC_ENABLE_KERNEL_DEVELOPMENT = NO;
				GCC_GENERATE_DEBUGGING_SYMBOLS = NO;
				GCC_PREPROCESSOR_DEFINITIONS = (
					"MODULE_VERSION=$(MODULE_VERSION)",
					"APPLE_KEXT_ASSERTIONS=1",
					"PRODUCT_NAME=$(PRODUCT_NAME)",
					"$(inherited)",
				);
				HEADER_SEARCH_PATHS = "$(inherited)";
				INFOPLIST_FILE = NootRX/Info.plist;
				LIBRARY_SEARCH_PATHS = (
					"$(inherited)",
					"$(PROJECT_DIR)/MacKernelSDK/Library/x86_64",
				);
				MACOSX_DEPLOYMENT_TARGET = 11.0;
				MODULE_NAME = org.ChefKiss.NootRX;
				MODULE_START = "$(PRODUCT_NAME)_kern_start";
				MODULE_STOP = "$(PRODUCT_NAME)_kern_stop";
				MODULE_VERSION = 1.0.0;
				OTHER_CFLAGS = (
					"-mmmx",
					"-msse",
					"-msse2",
					"-msse3",
					"-mfpmath=sse",
					"-mssse3",
					"-ftree-vectorize",
					"-fno-non-call-exceptions",
					"-fno-builtin",
					"-fno-asynchronous-unwind-tables",
					"-fsanitize=undefined,nullability",
					"-fno-sanitize=function",
					"-Wno-unknown-warning-option",
					"-Wno-ossharedptr-misuse",
					"-Wno-vla",
					"-Wextra",
					"-Wall",
					"$(inherited)",
				);
				OTHER_LDFLAGS = "-static";
				PRODUCT_BUNDLE_IDENTIFIER = org.ChefKiss.NootRX;
				PRODUCT_NAME = "$(TARGET_NAME)";
				WRAPPER_EXTENSION = kext;
			};
			name = Sanitize;
		};
/* End XCBuildConfiguration section */

/* Begin XCConfigurationList section */
		1C748C211C21952C0024EED2 /* Build configuration list for PBXProject "NootRX" */ = {
			isa = XCConfigurationList;
			buildConfigurations = (
				1C748C2F1C21952C0024EED2 /* Debug */,
				CE9901CA21456F6C006E5CF5 /* Sanitize */,
				1C748C301C21952C0024EED2 /* Release */,
			);
			defaultConfigurationIsVisible = 0;
			defaultConfigurationName = Release;
		};
		1C748C311C21952C0024EED2 /* Build configuration list for PBXNativeTarget "NootRX" */ = {
			isa = XCConfigurationList;
			buildConfigurations = (
				1C748C321C21952C0024EED2 /* Debug */,
				CE9901CB21456F6C006E5CF5 /* Sanitize */,
				1C748C331C21952C0024EED2 /* Release */,
			);
			defaultConfigurationIsVisible = 0;
			defaultConfigurationName = Release;
		};
/* End XCConfigurationList section */
	};
	rootObject = 1C748C1E1C21952C0024EED2 /* Project object */;
}
